
Microsoft Visual Studio Solution File, Format Version 12.00
Project("{FAE04EC0-301F-11D3-BF4B-00C04F79EFBC}") = "Calculator", "Calculator\Calculator.csproj", "{17746E07-1FB0-4B95-9270-6DFF362BB387}"
EndProject
Project("{FAE04EC0-301F-11D3-BF4B-00C04F79EFBC}") = "FirstEx", "FirstEx\FirstEx.csproj", "{F8ECB2C1-6CB0-4A01-91DE-157DAAFCEB8B}"
EndProject
Project("{FAE04EC0-301F-11D3-BF4B-00C04F79EFBC}") = "SecondEx", "SecondEx\SecondEx.csproj", "{BCA2BD55-774A-481D-99D0-DAAAD4C72CA3}"
EndProject
Project("{FAE04EC0-301F-11D3-BF4B-00C04F79EFBC}") = "Triangle", "Triangle\Triangle.csproj", "{C0992B58-4D06-4ED5-8B2C-654DAE2EF099}"
EndProject
Global
	GlobalSection(SolutionConfigurationPlatforms) = preSolution
		Debug|Any CPU = Debug|Any CPU
		Release|Any CPU = Release|Any CPU
	EndGlobalSection
	GlobalSection(ProjectConfigurationPlatforms) = postSolution
		{17746E07-1FB0-4B95-9270-6DFF362BB387}.Debug|Any CPU.ActiveCfg = Debug|Any CPU
		{17746E07-1FB0-4B95-9270-6DFF362BB387}.Debug|Any CPU.Build.0 = Debug|Any CPU
		{17746E07-1FB0-4B95-9270-6DFF362BB387}.Release|Any CPU.ActiveCfg = Release|Any CPU
		{17746E07-1FB0-4B95-9270-6DFF362BB387}.Release|Any CPU.Build.0 = Release|Any CPU
		{F8ECB2C1-6CB0-4A01-91DE-157DAAFCEB8B}.Debug|Any CPU.ActiveCfg = Debug|Any CPU
		{F8ECB2C1-6CB0-4A01-91DE-157DAAFCEB8B}.Debug|Any CPU.Build.0 = Debug|Any CPU
		{F8ECB2C1-6CB0-4A01-91DE-157DAAFCEB8B}.Release|Any CPU.ActiveCfg = Release|Any CPU
		{F8ECB2C1-6CB0-4A01-91DE-157DAAFCEB8B}.Release|Any CPU.Build.0 = Release|Any CPU
		{BCA2BD55-774A-481D-99D0-DAAAD4C72CA3}.Debug|Any CPU.ActiveCfg = Debug|Any CPU
		{BCA2BD55-774A-481D-99D0-DAAAD4C72CA3}.Debug|Any CPU.Build.0 = Debug|Any CPU
		{BCA2BD55-774A-481D-99D0-DAAAD4C72CA3}.Release|Any CPU.ActiveCfg = Release|Any CPU
		{BCA2BD55-774A-481D-99D0-DAAAD4C72CA3}.Release|Any CPU.Build.0 = Release|Any CPU
		{C0992B58-4D06-4ED5-8B2C-654DAE2EF099}.Debug|Any CPU.ActiveCfg = Debug|Any CPU
		{C0992B58-4D06-4ED5-8B2C-654DAE2EF099}.Debug|Any CPU.Build.0 = Debug|Any CPU
		{C0992B58-4D06-4ED5-8B2C-654DAE2EF099}.Release|Any CPU.ActiveCfg = Release|Any CPU
		{C0992B58-4D06-4ED5-8B2C-654DAE2EF099}.Release|Any CPU.Build.0 = Release|Any CPU
	EndGlobalSection
EndGlobal
